
Microsoft Visual Studio Solution File, Format Version 12.00
# Visual Studio Version 17
VisualStudioVersion = 17.3.32825.248
MinimumVisualStudioVersion = 10.0.40219.1
Project("{FAE04EC0-301F-11D3-BF4B-00C04F79EFBC}") = "test-wcf-soap", "test-wcf-soap\test-wcf-soap.csproj", "{AF214DE1-033F-45A2-A936-F5191E832887}"
EndProject
Global
	GlobalSection(SolutionConfigurationPlatforms) = preSolution
		Debug|Any CPU = Debug|Any CPU
		Release|Any CPU = Release|Any CPU
	EndGlobalSection
	GlobalSection(ProjectConfigurationPlatforms) = postSolution
		{AF214DE1-033F-45A2-A936-F5191E832887}.Debug|Any CPU.ActiveCfg = Debug|Any CPU
		{AF214DE1-033F-45A2-A936-F5191E832887}.Debug|Any CPU.Build.0 = Debug|Any CPU
		{AF214DE1-033F-45A2-A936-F5191E832887}.Release|Any CPU.ActiveCfg = Release|Any CPU
		{AF214DE1-033F-45A2-A936-F5191E832887}.Release|Any CPU.Build.0 = Release|Any CPU
	EndGlobalSection
	GlobalSection(SolutionProperties) = preSolution
		HideSolutionNode = FALSE
	EndGlobalSection
	GlobalSection(ExtensibilityGlobals) = postSolution
		SolutionGuid = {82679933-73E2-4474-96B3-C36499EB8EE3}
	EndGlobalSection
EndGlobal
