
Microsoft Visual Studio Solution File, Format Version 12.00
# Visual Studio Version 17
VisualStudioVersion = 17.3.32825.248
MinimumVisualStudioVersion = 10.0.40219.1
Project("{FAE04EC0-301F-11D3-BF4B-00C04F79EFBC}") = "ClassReader", "ClassReader\ClassReader.csproj", "{9C1ED00C-9323-465F-8B36-F4772625D982}"
EndProject
Global
	GlobalSection(SolutionConfigurationPlatforms) = preSolution
		Debug|Any CPU = Debug|Any CPU
		Release|Any CPU = Release|Any CPU
	EndGlobalSection
	GlobalSection(ProjectConfigurationPlatforms) = postSolution
		{9C1ED00C-9323-465F-8B36-F4772625D982}.Debug|Any CPU.ActiveCfg = Debug|Any CPU
		{9C1ED00C-9323-465F-8B36-F4772625D982}.Debug|Any CPU.Build.0 = Debug|Any CPU
		{9C1ED00C-9323-465F-8B36-F4772625D982}.Release|Any CPU.ActiveCfg = Release|Any CPU
		{9C1ED00C-9323-465F-8B36-F4772625D982}.Release|Any CPU.Build.0 = Release|Any CPU
	EndGlobalSection
	GlobalSection(SolutionProperties) = preSolution
		HideSolutionNode = FALSE
	EndGlobalSection
	GlobalSection(ExtensibilityGlobals) = postSolution
		SolutionGuid = {149DD3B5-EFA1-4A51-A45F-21E4D0D87CDE}
	EndGlobalSection
EndGlobal
