
Microsoft Visual Studio Solution File, Format Version 12.00
# Visual Studio Version 16
VisualStudioVersion = 16.0.31729.503
MinimumVisualStudioVersion = 10.0.40219.1
Project("{FAE04EC0-301F-11D3-BF4B-00C04F79EFBC}") = "SOAPServicePOC", "SOAPServicePOC.csproj", "{A6548E88-7556-4AFE-903C-96CB89D4669B}"
EndProject
Project("{FAE04EC0-301F-11D3-BF4B-00C04F79EFBC}") = "SoapRequestPoc", "..\SoapRequestPoc\SoapRequestPoc.csproj", "{3B6606C4-02D4-49C0-9D3A-440A1EBA40D6}"
	ProjectSection(ProjectDependencies) = postProject
		{A6548E88-7556-4AFE-903C-96CB89D4669B} = {A6548E88-7556-4AFE-903C-96CB89D4669B}
	EndProjectSection
EndProject
Global
	GlobalSection(SolutionConfigurationPlatforms) = preSolution
		Debug|Any CPU = Debug|Any CPU
		Release|Any CPU = Release|Any CPU
	EndGlobalSection
	GlobalSection(ProjectConfigurationPlatforms) = postSolution
		{A6548E88-7556-4AFE-903C-96CB89D4669B}.Debug|Any CPU.ActiveCfg = Debug|Any CPU
		{A6548E88-7556-4AFE-903C-96CB89D4669B}.Debug|Any CPU.Build.0 = Debug|Any CPU
		{A6548E88-7556-4AFE-903C-96CB89D4669B}.Release|Any CPU.ActiveCfg = Release|Any CPU
		{A6548E88-7556-4AFE-903C-96CB89D4669B}.Release|Any CPU.Build.0 = Release|Any CPU
		{3B6606C4-02D4-49C0-9D3A-440A1EBA40D6}.Debug|Any CPU.ActiveCfg = Debug|Any CPU
		{3B6606C4-02D4-49C0-9D3A-440A1EBA40D6}.Debug|Any CPU.Build.0 = Debug|Any CPU
		{3B6606C4-02D4-49C0-9D3A-440A1EBA40D6}.Release|Any CPU.ActiveCfg = Release|Any CPU
		{3B6606C4-02D4-49C0-9D3A-440A1EBA40D6}.Release|Any CPU.Build.0 = Release|Any CPU
	EndGlobalSection
	GlobalSection(SolutionProperties) = preSolution
		HideSolutionNode = FALSE
	EndGlobalSection
	GlobalSection(ExtensibilityGlobals) = postSolution
		SolutionGuid = {ACC94A5B-4FED-47D2-973A-3D20C64DD768}
	EndGlobalSection
EndGlobal
