
Microsoft Visual Studio Solution File, Format Version 12.00
# Visual Studio Version 17
VisualStudioVersion = 17.3.32825.248
MinimumVisualStudioVersion = 10.0.40219.1
Project("{FAE04EC0-301F-11D3-BF4B-00C04F79EFBC}") = "Webhooks", "Webhooks\Webhooks.csproj", "{DC14B39A-E599-4466-9D62-14989D950704}"
EndProject
Global
	GlobalSection(SolutionConfigurationPlatforms) = preSolution
		Debug|Any CPU = Debug|Any CPU
		Release|Any CPU = Release|Any CPU
	EndGlobalSection
	GlobalSection(ProjectConfigurationPlatforms) = postSolution
		{DC14B39A-E599-4466-9D62-14989D950704}.Debug|Any CPU.ActiveCfg = Debug|Any CPU
		{DC14B39A-E599-4466-9D62-14989D950704}.Debug|Any CPU.Build.0 = Debug|Any CPU
		{DC14B39A-E599-4466-9D62-14989D950704}.Release|Any CPU.ActiveCfg = Release|Any CPU
		{DC14B39A-E599-4466-9D62-14989D950704}.Release|Any CPU.Build.0 = Release|Any CPU
	EndGlobalSection
	GlobalSection(SolutionProperties) = preSolution
		HideSolutionNode = FALSE
	EndGlobalSection
	GlobalSection(ExtensibilityGlobals) = postSolution
		SolutionGuid = {471A2B2F-FA1D-43D4-8735-FD75DAF834E5}
	EndGlobalSection
EndGlobal
