
Microsoft Visual Studio Solution File, Format Version 12.00
# Visual Studio Version 17
VisualStudioVersion = 17.3.32825.248
MinimumVisualStudioVersion = 10.0.40219.1
Project("{FAE04EC0-301F-11D3-BF4B-00C04F79EFBC}") = "ConsoleApp2", "ConsoleApp2\ConsoleApp2.csproj", "{FB6689A4-D4C9-4280-B922-637121E7CD0C}"
EndProject
Global
	GlobalSection(SolutionConfigurationPlatforms) = preSolution
		Debug|Any CPU = Debug|Any CPU
		Release|Any CPU = Release|Any CPU
	EndGlobalSection
	GlobalSection(ProjectConfigurationPlatforms) = postSolution
		{FB6689A4-D4C9-4280-B922-637121E7CD0C}.Debug|Any CPU.ActiveCfg = Debug|Any CPU
		{FB6689A4-D4C9-4280-B922-637121E7CD0C}.Debug|Any CPU.Build.0 = Debug|Any CPU
		{FB6689A4-D4C9-4280-B922-637121E7CD0C}.Release|Any CPU.ActiveCfg = Release|Any CPU
		{FB6689A4-D4C9-4280-B922-637121E7CD0C}.Release|Any CPU.Build.0 = Release|Any CPU
	EndGlobalSection
	GlobalSection(SolutionProperties) = preSolution
		HideSolutionNode = FALSE
	EndGlobalSection
	GlobalSection(ExtensibilityGlobals) = postSolution
		SolutionGuid = {557936D8-ADF7-4DD7-AB25-797FC0C7C9BE}
	EndGlobalSection
EndGlobal
